
Microsoft Visual Studio Solution File, Format Version 12.00
# Visual Studio Version 18
VisualStudioVersion = 18.6.11819.183 stable
MinimumVisualStudioVersion = 10.0.40219.1
Project("{FAE04EC0-301F-11D3-BF4B-00C04F79EFBC}") = "ImportDataToERP", "ImportDataToERP.csproj", "{00B99774-4112-1719-C106-1687EDE99524}"
EndProject
Global
	GlobalSection(SolutionConfigurationPlatforms) = preSolution
		Debug|Any CPU = Debug|Any CPU
		Release|Any CPU = Release|Any CPU
	EndGlobalSection
	GlobalSection(ProjectConfigurationPlatforms) = postSolution
		{00B99774-4112-1719-C106-1687EDE99524}.Debug|Any CPU.ActiveCfg = Debug|Any CPU
		{00B99774-4112-1719-C106-1687EDE99524}.Debug|Any CPU.Build.0 = Debug|Any CPU
		{00B99774-4112-1719-C106-1687EDE99524}.Release|Any CPU.ActiveCfg = Release|Any CPU
		{00B99774-4112-1719-C106-1687EDE99524}.Release|Any CPU.Build.0 = Release|Any CPU
	EndGlobalSection
	GlobalSection(SolutionProperties) = preSolution
		HideSolutionNode = FALSE
	EndGlobalSection
	GlobalSection(ExtensibilityGlobals) = postSolution
		SolutionGuid = {FF4919F7-2F72-4704-8428-675C920DB466}
	EndGlobalSection
EndGlobal
